
Microsoft Visual Studio Solution File, Format Version 12.00
# Visual Studio Version 17
VisualStudioVersion = 17.4.33205.214
MinimumVisualStudioVersion = 10.0.40219.1
Project("{FAE04EC0-301F-11D3-BF4B-00C04F79EFBC}") = "ForLoop_Break_Continue", "ForLoop_Break_Continue.csproj", "{A75DEF13-E676-4534-8DA9-A454AA84481A}"
EndProject
Global
	GlobalSection(SolutionConfigurationPlatforms) = preSolution
		Debug|Any CPU = Debug|Any CPU
		Release|Any CPU = Release|Any CPU
	EndGlobalSection
	GlobalSection(ProjectConfigurationPlatforms) = postSolution
		{A75DEF13-E676-4534-8DA9-A454AA84481A}.Debug|Any CPU.ActiveCfg = Debug|Any CPU
		{A75DEF13-E676-4534-8DA9-A454AA84481A}.Debug|Any CPU.Build.0 = Debug|Any CPU
		{A75DEF13-E676-4534-8DA9-A454AA84481A}.Release|Any CPU.ActiveCfg = Release|Any CPU
		{A75DEF13-E676-4534-8DA9-A454AA84481A}.Release|Any CPU.Build.0 = Release|Any CPU
	EndGlobalSection
	GlobalSection(SolutionProperties) = preSolution
		HideSolutionNode = FALSE
	EndGlobalSection
	GlobalSection(ExtensibilityGlobals) = postSolution
		SolutionGuid = {92D06F40-6D20-46FC-831C-B2D16BC1FF25}
	EndGlobalSection
EndGlobal
